lockfileVersion: '9.0'

settings:
  autoInstallPeers: true
  excludeLinksFromLockfile: false

importers:

  .:
    dependencies:
      zod:
        specifier: ^3.22.4
        version: 3.23.8
    devDependencies:
      '@types/node':
        specifier: ^18.0.0
        version: 18.19.67
      typescript:
        specifier: ^5.0.0
        version: 5.7.2

packages:

  '@types/node@18.19.67':
    resolution: {integrity: sha512-wI8uHusga+0ZugNp0Ol/3BqQfEcCCNfojtO6Oou9iVNGPTL6QNSdnUdqq85fRgIorLhLMuPIKpsN98QE9Nh+KQ==}

  typescript@5.7.2:
    resolution: {integrity: sha512-i5t66RHxDvVN40HfDd1PsEThGNnlMCMT3jMUuoh9/0TaqWevNontacunWyN02LA9/fIbEWlcHZcgTKb9QoaLfg==}
    engines: {node: '>=14.17'}
    hasBin: true

  undici-types@5.26.5:
    resolution: {integrity: sha512-JlCMO+ehdEIKqlFxk6IfVoAUVmgz7cU7zD/h9XZ0qzeosSHmUJVOzSQvvYSYWXkFXC+IfLKSIffhv0sVZup6pA==}

  zod@3.23.8:
    resolution: {integrity: sha512-XBx9AXhXktjUqnepgTiE5flcKIYWi/rme0Eaj+5Y0lftuGBq+jyRu/md4WnuxqgP1ubdpNCsYEYPxrzVHD8d6g==}

snapshots:

  '@types/node@18.19.67':
    dependencies:
      undici-types: 5.26.5

  typescript@5.7.2: {}

  undici-types@5.26.5: {}

  zod@3.23.8: {}
